
Microsoft Visual Studio Solution File, Format Version 12.00
# Visual Studio Version 17
VisualStudioVersion = 17.9.34728.123
MinimumVisualStudioVersion = 10.0.40219.1
Project("{FAE04EC0-301F-11D3-BF4B-00C04F79EFBC}") = "API", "API\API.csproj", "{EAE89F54-93FE-48AD-9BAA-FF3683CFCBE1}"
EndProject
Project("{FAE04EC0-301F-11D3-BF4B-00C04F79EFBC}") = "Core", "Core\Core.csproj", "{1F5CC5D5-3D0A-4B1E-8398-9C05E19C540F}"
EndProject
Project("{FAE04EC0-301F-11D3-BF4B-00C04F79EFBC}") = "Infrastructure", "Infrastructure\Infrastructure.csproj", "{4AE8F309-F20C-4D50-9F06-C4BF396888CB}"
EndProject
Global
	GlobalSection(SolutionConfigurationPlatforms) = preSolution
		Debug|Any CPU = Debug|Any CPU
		Release|Any CPU = Release|Any CPU
	EndGlobalSection
	GlobalSection(ProjectConfigurationPlatforms) = postSolution
		{EAE89F54-93FE-48AD-9BAA-FF3683CFCBE1}.Debug|Any CPU.ActiveCfg = Debug|Any CPU
		{EAE89F54-93FE-48AD-9BAA-FF3683CFCBE1}.Debug|Any CPU.Build.0 = Debug|Any CPU
		{EAE89F54-93FE-48AD-9BAA-FF3683CFCBE1}.Release|Any CPU.ActiveCfg = Release|Any CPU
		{EAE89F54-93FE-48AD-9BAA-FF3683CFCBE1}.Release|Any CPU.Build.0 = Release|Any CPU
		{1F5CC5D5-3D0A-4B1E-8398-9C05E19C540F}.Debug|Any CPU.ActiveCfg = Debug|Any CPU
		{1F5CC5D5-3D0A-4B1E-8398-9C05E19C540F}.Debug|Any CPU.Build.0 = Debug|Any CPU
		{1F5CC5D5-3D0A-4B1E-8398-9C05E19C540F}.Release|Any CPU.ActiveCfg = Release|Any CPU
		{1F5CC5D5-3D0A-4B1E-8398-9C05E19C540F}.Release|Any CPU.Build.0 = Release|Any CPU
		{4AE8F309-F20C-4D50-9F06-C4BF396888CB}.Debug|Any CPU.ActiveCfg = Debug|Any CPU
		{4AE8F309-F20C-4D50-9F06-C4BF396888CB}.Debug|Any CPU.Build.0 = Debug|Any CPU
		{4AE8F309-F20C-4D50-9F06-C4BF396888CB}.Release|Any CPU.ActiveCfg = Release|Any CPU
		{4AE8F309-F20C-4D50-9F06-C4BF396888CB}.Release|Any CPU.Build.0 = Release|Any CPU
	EndGlobalSection
	GlobalSection(SolutionProperties) = preSolution
		HideSolutionNode = FALSE
	EndGlobalSection
	GlobalSection(ExtensibilityGlobals) = postSolution
		SolutionGuid = {27DEE57A-2D76-4FDF-B1D2-E14BF6EF74AC}
	EndGlobalSection
EndGlobal
